{
  "name": "uiuc.hack4impact.org",
  "requires": true,
  "lockfileVersion": 1,
  "dependencies": {
    "react-ga": {
      "version": "2.6.0",
      "resolved": "https://registry.npmjs.org/react-ga/-/react-ga-2.6.0.tgz",
      "integrity": "sha512-GWHBWZDFjDGMkIk1LzroIn0mNTygKw3adXuqvGvheFZvlbpqMPbHsQsTdQBIxRRdXGQM/Zq+dQLRPKbwIHMTaw=="
    }
  }
}
